// !$*UTF8*$!
{
	archiveVersion = 1;
	classes = {
	};
	objectVersion = 46;
	objects = {

/* Begin PBXBuildFile section */
		9B8A35271EF3154200F46034 /* Beatles Light Light.ttf in Resources */ = {isa = PBXBuildFile; fileRef = 9B8A35261EF3154200F46034 /* Beatles Light Light.ttf */; };
		9BC4BC511EEF08CC0044A131 /* AppDelegate.swift in Sources */ = {isa = PBXBuildFile; fileRef = 9BC4BC501EEF08CC0044A131 /* AppDelegate.swift */; };
		9BC4BC531EEF08CC0044A131 /* StartController.swift in Sources */ = {isa = PBXBuildFile; fileRef = 9BC4BC521EEF08CC0044A131 /* StartController.swift */; };
		9BC4BC561EEF08CC0044A131 /* Main.storyboard in Resources */ = {isa = PBXBuildFile; fileRef = 9BC4BC541EEF08CC0044A131 /* Main.storyboard */; };
		9BC4BC581EEF08CC0044A131 /* Assets.xcassets in Resources */ = {isa = PBXBuildFile; fileRef = 9BC4BC571EEF08CC0044A131 /* Assets.xcassets */; };
		9BC4BC5B1EEF08CC0044A131 /* LaunchScreen.storyboard in Resources */ = {isa = PBXBuildFile; fileRef = 9BC4BC591EEF08CC0044A131 /* LaunchScreen.storyboard */; };
		9BE8162B1F0AB91C0055134F /* b2.png in Resources */ = {isa = PBXBuildFile; fileRef = 9BE816221F0AB91C0055134F /* b2.png */; };
		9BE8162C1F0AB91C0055134F /* b8.png in Resources */ = {isa = PBXBuildFile; fileRef = 9BE816231F0AB91C0055134F /* b8.png */; };
		9BE8162D1F0AB91C0055134F /* bar.png in Resources */ = {isa = PBXBuildFile; fileRef = 9BE816241F0AB91C0055134F /* bar.png */; };
		9BE8162E1F0AB91C0055134F /* high.png in Resources */ = {isa = PBXBuildFile; fileRef = 9BE816251F0AB91C0055134F /* high.png */; };
		9BE8162F1F0AB91C0055134F /* icon_120.png in Resources */ = {isa = PBXBuildFile; fileRef = 9BE816261F0AB91C0055134F /* icon_120.png */; };
		9BE816301F0AB91C0055134F /* new.png in Resources */ = {isa = PBXBuildFile; fileRef = 9BE816271F0AB91C0055134F /* new.png */; };
		9BE816311F0AB91C0055134F /* play.png in Resources */ = {isa = PBXBuildFile; fileRef = 9BE816281F0AB91C0055134F /* play.png */; };
		9BE816321F0AB91C0055134F /* ring.png in Resources */ = {isa = PBXBuildFile; fileRef = 9BE816291F0AB91C0055134F /* ring.png */; };
		9BE816331F0AB91C0055134F /* simone.png in Resources */ = {isa = PBXBuildFile; fileRef = 9BE8162A1F0AB91C0055134F /* simone.png */; };
		9BE816351F0ABC7D0055134F /* GameController.swift in Sources */ = {isa = PBXBuildFile; fileRef = 9BE816341F0ABC7D0055134F /* GameController.swift */; };
		9BE816371F0ABCE80055134F /* WrongController.swift in Sources */ = {isa = PBXBuildFile; fileRef = 9BE816361F0ABCE80055134F /* WrongController.swift */; };
		9BE816391F0ABD550055134F /* SimoneBrain.swift in Sources */ = {isa = PBXBuildFile; fileRef = 9BE816381F0ABD550055134F /* SimoneBrain.swift */; };
		9BE8163B1F0ABDAB0055134F /* SingletonShared.swift in Sources */ = {isa = PBXBuildFile; fileRef = 9BE8163A1F0ABDAB0055134F /* SingletonShared.swift */; };
/* End PBXBuildFile section */

/* Begin PBXFileReference section */
		9B8A35261EF3154200F46034 /* Beatles Light Light.ttf */ = {isa = PBXFileReference; lastKnownFileType = file; name = "Beatles Light Light.ttf"; path = "fonts/Beatles Light Light.ttf"; sourceTree = "<group>"; };
		9BC4BC4D1EEF08CC0044A131 /* ARSimone.app */ = {isa = PBXFileReference; explicitFileType = wrapper.application; includeInIndex = 0; path = ARSimone.app; sourceTree = BUILT_PRODUCTS_DIR; };
		9BC4BC501EEF08CC0044A131 /* AppDelegate.swift */ = {isa = PBXFileReference; lastKnownFileType = sourcecode.swift; path = AppDelegate.swift; sourceTree = "<group>"; };
		9BC4BC521EEF08CC0044A131 /* StartController.swift */ = {isa = PBXFileReference; lastKnownFileType = sourcecode.swift; path = StartController.swift; sourceTree = "<group>"; };
		9BC4BC551EEF08CC0044A131 /* Base */ = {isa = PBXFileReference; lastKnownFileType = file.storyboard; name = Base; path = Base.lproj/Main.storyboard; sourceTree = "<group>"; };
		9BC4BC571EEF08CC0044A131 /* Assets.xcassets */ = {isa = PBXFileReference; lastKnownFileType = folder.assetcatalog; path = Assets.xcassets; sourceTree = "<group>"; };
		9BC4BC5A1EEF08CC0044A131 /* Base */ = {isa = PBXFileReference; lastKnownFileType = file.storyboard; name = Base; path = Base.lproj/LaunchScreen.storyboard; sourceTree = "<group>"; };
		9BC4BC5C1EEF08CC0044A131 /* Info.plist */ = {isa = PBXFileReference; lastKnownFileType = text.plist.xml; path = Info.plist; sourceTree = "<group>"; };
		9BE816221F0AB91C0055134F /* b2.png */ = {isa = PBXFileReference; lastKnownFileType = image.png; name = b2.png; path = nouveau_visuel/b2.png; sourceTree = "<group>"; };
		9BE816231F0AB91C0055134F /* b8.png */ = {isa = PBXFileReference; lastKnownFileType = image.png; name = b8.png; path = nouveau_visuel/b8.png; sourceTree = "<group>"; };
		9BE816241F0AB91C0055134F /* bar.png */ = {isa = PBXFileReference; lastKnownFileType = image.png; name = bar.png; path = nouveau_visuel/bar.png; sourceTree = "<group>"; };
		9BE816251F0AB91C0055134F /* high.png */ = {isa = PBXFileReference; lastKnownFileType = image.png; name = high.png; path = nouveau_visuel/high.png; sourceTree = "<group>"; };
		9BE816261F0AB91C0055134F /* icon_120.png */ = {isa = PBXFileReference; lastKnownFileType = image.png; name = icon_120.png; path = nouveau_visuel/icon_120.png; sourceTree = "<group>"; };
		9BE816271F0AB91C0055134F /* new.png */ = {isa = PBXFileReference; lastKnownFileType = image.png; name = new.png; path = nouveau_visuel/new.png; sourceTree = "<group>"; };
		9BE816281F0AB91C0055134F /* play.png */ = {isa = PBXFileReference; lastKnownFileType = image.png; name = play.png; path = nouveau_visuel/play.png; sourceTree = "<group>"; };
		9BE816291F0AB91C0055134F /* ring.png */ = {isa = PBXFileReference; lastKnownFileType = image.png; name = ring.png; path = nouveau_visuel/ring.png; sourceTree = "<group>"; };
		9BE8162A1F0AB91C0055134F /* simone.png */ = {isa = PBXFileReference; lastKnownFileType = image.png; name = simone.png; path = nouveau_visuel/simone.png; sourceTree = "<group>"; };
		9BE816341F0ABC7D0055134F /* GameController.swift */ = {isa = PBXFileReference; fileEncoding = 4; lastKnownFileType = sourcecode.swift; path = GameController.swift; sourceTree = "<group>"; };
		9BE816361F0ABCE80055134F /* WrongController.swift */ = {isa = PBXFileReference; fileEncoding = 4; lastKnownFileType = sourcecode.swift; name = WrongController.swift; path = ../WrongController.swift; sourceTree = "<group>"; };
		9BE816381F0ABD550055134F /* SimoneBrain.swift */ = {isa = PBXFileReference; fileEncoding = 4; lastKnownFileType = sourcecode.swift; path = SimoneBrain.swift; sourceTree = "<group>"; };
		9BE8163A1F0ABDAB0055134F /* SingletonShared.swift */ = {isa = PBXFileReference; fileEncoding = 4; lastKnownFileType = sourcecode.swift; path = SingletonShared.swift; sourceTree = "<group>"; };
/* End PBXFileReference section */

/* Begin PBXFrameworksBuildPhase section */
		9BC4BC4A1EEF08CC0044A131 /* Frameworks */ = {
			isa = PBXFrameworksBuildPhase;
			buildActionMask = 2147483647;
			files = (
			);
			runOnlyForDeploymentPostprocessing = 0;
		};
/* End PBXFrameworksBuildPhase section */

/* Begin PBXGroup section */
		9B8A35161EF3103400F46034 /* images */ = {
			isa = PBXGroup;
			children = (
				9BE816221F0AB91C0055134F /* b2.png */,
				9BE816231F0AB91C0055134F /* b8.png */,
				9BE816241F0AB91C0055134F /* bar.png */,
				9BE816251F0AB91C0055134F /* high.png */,
				9BE816261F0AB91C0055134F /* icon_120.png */,
				9BE816271F0AB91C0055134F /* new.png */,
				9BE816281F0AB91C0055134F /* play.png */,
				9BE816291F0AB91C0055134F /* ring.png */,
				9BE8162A1F0AB91C0055134F /* simone.png */,
			);
			name = images;
			sourceTree = "<group>";
		};
		9B8A35251EF3152700F46034 /* fonts */ = {
			isa = PBXGroup;
			children = (
				9B8A35261EF3154200F46034 /* Beatles Light Light.ttf */,
			);
			name = fonts;
			sourceTree = "<group>";
		};
		9BC4BC441EEF08CC0044A131 = {
			isa = PBXGroup;
			children = (
				9BC4BC4F1EEF08CC0044A131 /* ARSimone */,
				9BC4BC4E1EEF08CC0044A131 /* Products */,
			);
			sourceTree = "<group>";
		};
		9BC4BC4E1EEF08CC0044A131 /* Products */ = {
			isa = PBXGroup;
			children = (
				9BC4BC4D1EEF08CC0044A131 /* ARSimone.app */,
			);
			name = Products;
			sourceTree = "<group>";
		};
		9BC4BC4F1EEF08CC0044A131 /* ARSimone */ = {
			isa = PBXGroup;
			children = (
				9BC4BC621EEF09250044A131 /* support */,
				9BC4BC521EEF08CC0044A131 /* StartController.swift */,
				9BE816361F0ABCE80055134F /* WrongController.swift */,
				9BE816341F0ABC7D0055134F /* GameController.swift */,
				9BE816381F0ABD550055134F /* SimoneBrain.swift */,
				9BE8163A1F0ABDAB0055134F /* SingletonShared.swift */,
				9BC4BC541EEF08CC0044A131 /* Main.storyboard */,
			);
			path = ARSimone;
			sourceTree = "<group>";
		};
		9BC4BC621EEF09250044A131 /* support */ = {
			isa = PBXGroup;
			children = (
				9B8A35251EF3152700F46034 /* fonts */,
				9B8A35161EF3103400F46034 /* images */,
				9BC4BC501EEF08CC0044A131 /* AppDelegate.swift */,
				9BC4BC571EEF08CC0044A131 /* Assets.xcassets */,
				9BC4BC591EEF08CC0044A131 /* LaunchScreen.storyboard */,
				9BC4BC5C1EEF08CC0044A131 /* Info.plist */,
			);
			name = support;
			sourceTree = "<group>";
		};
/* End PBXGroup section */

/* Begin PBXNativeTarget section */
		9BC4BC4C1EEF08CC0044A131 /* ARSimone */ = {
			isa = PBXNativeTarget;
			buildConfigurationList = 9BC4BC5F1EEF08CC0044A131 /* Build configuration list for PBXNativeTarget "ARSimone" */;
			buildPhases = (
				9BC4BC491EEF08CC0044A131 /* Sources */,
				9BC4BC4A1EEF08CC0044A131 /* Frameworks */,
				9BC4BC4B1EEF08CC0044A131 /* Resources */,
			);
			buildRules = (
			);
			dependencies = (
			);
			name = ARSimone;
			productName = ARSimone;
			productReference = 9BC4BC4D1EEF08CC0044A131 /* ARSimone.app */;
			productType = "com.apple.product-type.application";
		};
/* End PBXNativeTarget section */

/* Begin PBXProject section */
		9BC4BC451EEF08CC0044A131 /* Project object */ = {
			isa = PBXProject;
			attributes = {
				LastSwiftUpdateCheck = 0820;
				LastUpgradeCheck = 0820;
				ORGANIZATIONNAME = eleves;
				TargetAttributes = {
					9BC4BC4C1EEF08CC0044A131 = {
						CreatedOnToolsVersion = 8.2;
						ProvisioningStyle = Automatic;
					};
				};
			};
			buildConfigurationList = 9BC4BC481EEF08CC0044A131 /* Build configuration list for PBXProject "ARSimone" */;
			compatibilityVersion = "Xcode 3.2";
			developmentRegion = English;
			hasScannedForEncodings = 0;
			knownRegions = (
				en,
				Base,
			);
			mainGroup = 9BC4BC441EEF08CC0044A131;
			productRefGroup = 9BC4BC4E1EEF08CC0044A131 /* Products */;
			projectDirPath = "";
			projectRoot = "";
			targets = (
				9BC4BC4C1EEF08CC0044A131 /* ARSimone */,
			);
		};
/* End PBXProject section */

/* Begin PBXResourcesBuildPhase section */
		9BC4BC4B1EEF08CC0044A131 /* Resources */ = {
			isa = PBXResourcesBuildPhase;
			buildActionMask = 2147483647;
			files = (
				9BE8162C1F0AB91C0055134F /* b8.png in Resources */,
				9BE8162B1F0AB91C0055134F /* b2.png in Resources */,
				9B8A35271EF3154200F46034 /* Beatles Light Light.ttf in Resources */,
				9BC4BC5B1EEF08CC0044A131 /* LaunchScreen.storyboard in Resources */,
				9BE816331F0AB91C0055134F /* simone.png in Resources */,
				9BE816301F0AB91C0055134F /* new.png in Resources */,
				9BE816311F0AB91C0055134F /* play.png in Resources */,
				9BE816321F0AB91C0055134F /* ring.png in Resources */,
				9BE8162F1F0AB91C0055134F /* icon_120.png in Resources */,
				9BC4BC581EEF08CC0044A131 /* Assets.xcassets in Resources */,
				9BE8162E1F0AB91C0055134F /* high.png in Resources */,
				9BE8162D1F0AB91C0055134F /* bar.png in Resources */,
				9BC4BC561EEF08CC0044A131 /* Main.storyboard in Resources */,
			);
			runOnlyForDeploymentPostprocessing = 0;
		};
/* End PBXResourcesBuildPhase section */

/* Begin PBXSourcesBuildPhase section */
		9BC4BC491EEF08CC0044A131 /* Sources */ = {
			isa = PBXSourcesBuildPhase;
			buildActionMask = 2147483647;
			files = (
				9BE8163B1F0ABDAB0055134F /* SingletonShared.swift in Sources */,
				9BE816391F0ABD550055134F /* SimoneBrain.swift in Sources */,
				9BC4BC531EEF08CC0044A131 /* StartController.swift in Sources */,
				9BE816371F0ABCE80055134F /* WrongController.swift in Sources */,
				9BE816351F0ABC7D0055134F /* GameController.swift in Sources */,
				9BC4BC511EEF08CC0044A131 /* AppDelegate.swift in Sources */,
			);
			runOnlyForDeploymentPostprocessing = 0;
		};
/* End PBXSourcesBuildPhase section */

/* Begin PBXVariantGroup section */
		9BC4BC541EEF08CC0044A131 /* Main.storyboard */ = {
			isa = PBXVariantGroup;
			children = (
				9BC4BC551EEF08CC0044A131 /* Base */,
			);
			name = Main.storyboard;
			sourceTree = "<group>";
		};
		9BC4BC591EEF08CC0044A131 /* LaunchScreen.storyboard */ = {
			isa = PBXVariantGroup;
			children = (
				9BC4BC5A1EEF08CC0044A131 /* Base */,
			);
			name = LaunchScreen.storyboard;
			sourceTree = "<group>";
		};
/* End PBXVariantGroup section */

/* Begin XCBuildConfiguration section */
		9BC4BC5D1EEF08CC0044A131 /* Debug */ = {
			isa = XCBuildConfiguration;
			buildSettings = {
				ALWAYS_SEARCH_USER_PATHS = NO;
				CLANG_ANALYZER_NONNULL = YES;
				CLANG_CXX_LANGUAGE_STANDARD = "gnu++0x";
				CLANG_CXX_LIBRARY = "libc++";
				CLANG_ENABLE_MODULES = YES;
				CLANG_ENABLE_OBJC_ARC = YES;
				CLANG_WARN_BOOL_CONVERSION = YES;
				CLANG_WARN_CONSTANT_CONVERSION = YES;
				CLANG_WARN_DIRECT_OBJC_ISA_USAGE = YES_ERROR;
				CLANG_WARN_DOCUMENTATION_COMMENTS = YES;
				CLANG_WARN_EMPTY_BODY = YES;
				CLANG_WARN_ENUM_CONVERSION = YES;
				CLANG_WARN_INFINITE_RECURSION = YES;
				CLANG_WARN_INT_CONVERSION = YES;
				CLANG_WARN_OBJC_ROOT_CLASS = YES_ERROR;
				CLANG_WARN_SUSPICIOUS_MOVE = YES;
				CLANG_WARN_UNREACHABLE_CODE = YES;
				CLANG_WARN__DUPLICATE_METHOD_MATCH = YES;
				"CODE_SIGN_IDENTITY[sdk=iphoneos*]" = "iPhone Developer";
				COPY_PHASE_STRIP = NO;
				DEBUG_INFORMATION_FORMAT = dwarf;
				ENABLE_STRICT_OBJC_MSGSEND = YES;
				ENABLE_TESTABILITY = YES;
				GCC_C_LANGUAGE_STANDARD = gnu99;
				GCC_DYNAMIC_NO_PIC = NO;
				GCC_NO_COMMON_BLOCKS = YES;
				GCC_OPTIMIZATION_LEVEL = 0;
				GCC_PREPROCESSOR_DEFINITIONS = (
					"DEBUG=1",
					"$(inherited)",
				);
				GCC_WARN_64_TO_32_BIT_CONVERSION = YES;
				GCC_WARN_ABOUT_RETURN_TYPE = YES_ERROR;
				GCC_WARN_UNDECLARED_SELECTOR = YES;
				GCC_WARN_UNINITIALIZED_AUTOS = YES_AGGRESSIVE;
				GCC_WARN_UNUSED_FUNCTION = YES;
				GCC_WARN_UNUSED_VARIABLE = YES;
				IPHONEOS_DEPLOYMENT_TARGET = 10.2;
				MTL_ENABLE_DEBUG_INFO = YES;
				ONLY_ACTIVE_ARCH = YES;
				SDKROOT = iphoneos;
				SWIFT_ACTIVE_COMPILATION_CONDITIONS = DEBUG;
				SWIFT_OPTIMIZATION_LEVEL = "-Onone";
				TARGETED_DEVICE_FAMILY = "1,2";
			};
			name = Debug;
		};
		9BC4BC5E1EEF08CC0044A131 /* Release */ = {
			isa = XCBuildConfiguration;
			buildSettings = {
				ALWAYS_SEARCH_USER_PATHS = NO;
				CLANG_ANALYZER_NONNULL = YES;
				CLANG_CXX_LANGUAGE_STANDARD = "gnu++0x";
				CLANG_CXX_LIBRARY = "libc++";
				CLANG_ENABLE_MODULES = YES;
				CLANG_ENABLE_OBJC_ARC = YES;
				CLANG_WARN_BOOL_CONVERSION = YES;
				CLANG_WARN_CONSTANT_CONVERSION = YES;
				CLANG_WARN_DIRECT_OBJC_ISA_USAGE = YES_ERROR;
				CLANG_WARN_DOCUMENTATION_COMMENTS = YES;
				CLANG_WARN_EMPTY_BODY = YES;
				CLANG_WARN_ENUM_CONVERSION = YES;
				CLANG_WARN_INFINITE_RECURSION = YES;
				CLANG_WARN_INT_CONVERSION = YES;
				CLANG_WARN_OBJC_ROOT_CLASS = YES_ERROR;
				CLANG_WARN_SUSPICIOUS_MOVE = YES;
				CLANG_WARN_UNREACHABLE_CODE = YES;
				CLANG_WARN__DUPLICATE_METHOD_MATCH = YES;
				"CODE_SIGN_IDENTITY[sdk=iphoneos*]" = "iPhone Developer";
				COPY_PHASE_STRIP = NO;
				DEBUG_INFORMATION_FORMAT = "dwarf-with-dsym";
				ENABLE_NS_ASSERTIONS = NO;
				ENABLE_STRICT_OBJC_MSGSEND = YES;
				GCC_C_LANGUAGE_STANDARD = gnu99;
				GCC_NO_COMMON_BLOCKS = YES;
				GCC_WARN_64_TO_32_BIT_CONVERSION = YES;
				GCC_WARN_ABOUT_RETURN_TYPE = YES_ERROR;
				GCC_WARN_UNDECLARED_SELECTOR = YES;
				GCC_WARN_UNINITIALIZED_AUTOS = YES_AGGRESSIVE;
				GCC_WARN_UNUSED_FUNCTION = YES;
				GCC_WARN_UNUSED_VARIABLE = YES;
				IPHONEOS_DEPLOYMENT_TARGET = 10.2;
				MTL_ENABLE_DEBUG_INFO = NO;
				SDKROOT = iphoneos;
				SWIFT_OPTIMIZATION_LEVEL = "-Owholemodule";
				TARGETED_DEVICE_FAMILY = "1,2";
				VALIDATE_PRODUCT = YES;
			};
			name = Release;
		};
		9BC4BC601EEF08CC0044A131 /* Debug */ = {
			isa = XCBuildConfiguration;
			buildSettings = {
				ASSETCATALOG_COMPILER_APPICON_NAME = AppIcon;
				INFOPLIST_FILE = ARSimone/Info.plist;
				LD_RUNPATH_SEARCH_PATHS = "$(inherited) @executable_path/Frameworks";
				PRODUCT_BUNDLE_IDENTIFIER = com.AntoineRobitaille.ARSimone;
				PRODUCT_NAME = "$(TARGET_NAME)";
				SWIFT_VERSION = 3.0;
			};
			name = Debug;
		};
		9BC4BC611EEF08CC0044A131 /* Release */ = {
			isa = XCBuildConfiguration;
			buildSettings = {
				ASSETCATALOG_COMPILER_APPICON_NAME = AppIcon;
				INFOPLIST_FILE = ARSimone/Info.plist;
				LD_RUNPATH_SEARCH_PATHS = "$(inherited) @executable_path/Frameworks";
				PRODUCT_BUNDLE_IDENTIFIER = com.AntoineRobitaille.ARSimone;
				PRODUCT_NAME = "$(TARGET_NAME)";
				SWIFT_VERSION = 3.0;
			};
			name = Release;
		};
/* End XCBuildConfiguration section */

/* Begin XCConfigurationList section */
		9BC4BC481EEF08CC0044A131 /* Build configuration list for PBXProject "ARSimone" */ = {
			isa = XCConfigurationList;
			buildConfigurations = (
				9BC4BC5D1EEF08CC0044A131 /* Debug */,
				9BC4BC5E1EEF08CC0044A131 /* Release */,
			);
			defaultConfigurationIsVisible = 0;
			defaultConfigurationName = Release;
		};
		9BC4BC5F1EEF08CC0044A131 /* Build configuration list for PBXNativeTarget "ARSimone" */ = {
			isa = XCConfigurationList;
			buildConfigurations = (
				9BC4BC601EEF08CC0044A131 /* Debug */,
				9BC4BC611EEF08CC0044A131 /* Release */,
			);
			defaultConfigurationIsVisible = 0;
			defaultConfigurationName = Release;
		};
/* End XCConfigurationList section */
	};
	rootObject = 9BC4BC451EEF08CC0044A131 /* Project object */;
}
